#MicroXplorer Configuration settings - do not modify
CORTEX_M7.CPU_DCache=Enabled
CORTEX_M7.CPU_ICache=Enabled
CORTEX_M7.IPParameters=CPU_ICache,CPU_DCache
File.Version=6
KeepUserPlacement=false
Mcu.Family=STM32H7
Mcu.IP0=CORTEX_M7
Mcu.IP1=CRC
Mcu.IP2=NVIC
Mcu.IP3=RCC
Mcu.IP4=SYS
Mcu.IP5=TIM5
Mcu.IP6=USART1
Mcu.IP7=USART3
Mcu.IPNb=8
Mcu.Name=STM32H7A3Z(G-I)TxQ
Mcu.Package=LQFP144
Mcu.Pin0=PD8
Mcu.Pin1=PD9
Mcu.Pin2=PG12
Mcu.Pin3=PB6
Mcu.Pin4=PB7
Mcu.Pin5=VP_CRC_VS_CRC
Mcu.Pin6=VP_SYS_VS_Systick
Mcu.Pin7=VP_TIM5_VS_ClockSourceINT
Mcu.Pin8=VP_STMicroelectronics.X-CUBE-AI_VS_ArtificialOoIntelligenceJjXAaCUBEAaAI_7.1.0
Mcu.PinsNb=9
Mcu.ThirdParty0=STMicroelectronics.X-CUBE-AI.7.1.0
Mcu.ThirdPartyNb=1
Mcu.UserConstants=
Mcu.UserName=STM32H7A3ZITxQ
MxCube.Version=6.4.0
MxDb.Version=DB.6.0.40
NVIC.BusFault_IRQn=true\:0\:0\:false\:false\:true\:false\:false
NVIC.DebugMonitor_IRQn=true\:0\:0\:false\:false\:true\:false\:false
NVIC.ForceEnableDMAVector=true
NVIC.HardFault_IRQn=true\:0\:0\:false\:false\:true\:false\:false
NVIC.MemoryManagement_IRQn=true\:0\:0\:false\:false\:true\:false\:false
NVIC.NonMaskableInt_IRQn=true\:0\:0\:false\:false\:true\:false\:false
NVIC.PendSV_IRQn=true\:0\:0\:false\:false\:true\:false\:false
NVIC.PriorityGroup=NVIC_PRIORITYGROUP_4
NVIC.SVCall_IRQn=true\:0\:0\:false\:false\:true\:false\:false
NVIC.SysTick_IRQn=true\:0\:0\:false\:false\:true\:false\:true
NVIC.USART1_IRQn=true\:0\:0\:false\:false\:true\:true\:true
NVIC.USART3_IRQn=true\:0\:0\:false\:false\:true\:true\:true
NVIC.UsageFault_IRQn=true\:0\:0\:false\:false\:true\:false\:false
PB6.Locked=true
PB6.Mode=Asynchronous
PB6.Signal=USART1_TX
PB7.Locked=true
PB7.Mode=Asynchronous
PB7.Signal=USART1_RX
PD8.Locked=true
PD8.Mode=Asynchronous
PD8.Signal=USART3_TX
PD9.Locked=true
PD9.Mode=Asynchronous
PD9.Signal=USART3_RX
PG12.Locked=true
PG12.Signal=GPIO_Output
PinOutPanel.RotationAngle=0
ProjectManager.AskForMigrate=true
ProjectManager.BackupPrevious=false
ProjectManager.CompilerOptimize=6
ProjectManager.ComputerToolchain=false
ProjectManager.CoupleFile=false
ProjectManager.CustomerFirmwarePackage=
ProjectManager.DefaultFWLocation=true
ProjectManager.DeletePrevious=true
ProjectManager.DeviceId=STM32H7A3ZITxQ
ProjectManager.FirmwarePackage=STM32Cube FW_H7 V1.9.1
ProjectManager.FreePins=true
ProjectManager.HalAssertFull=false
ProjectManager.HeapSize=0x800
ProjectManager.KeepUserCode=true
ProjectManager.LastFirmware=true
ProjectManager.LibraryCopy=1
ProjectManager.MainLocation=Core/Src
ProjectManager.NoMain=false
ProjectManager.PreviousToolchain=STM32CubeIDE
ProjectManager.ProjectBuild=false
ProjectManager.ProjectFileName=VWW01.ioc
ProjectManager.ProjectName=VWW01
ProjectManager.RegisterCallBack=
ProjectManager.StackSize=0x800
ProjectManager.TargetToolchain=STM32CubeIDE
ProjectManager.ToolChainLocation=
ProjectManager.UnderRoot=true
ProjectManager.functionlistsort=1-MX_GPIO_Init-GPIO-false-HAL-true,2-SystemClock_Config-RCC-false-HAL-false,3-MX_CRC_Init-CRC-false-HAL-true,4-MX_TIM5_Init-TIM5-false-HAL-true,5-MX_USART3_UART_Init-USART3-false-HAL-true,6-MX_USART1_UART_Init-USART1-false-HAL-true,0-MX_CORTEX_M7_Init-CORTEX_M7-false-HAL-true
RCC.ADCFreq_Value=129000000
RCC.AHB12Freq_Value=280000000
RCC.AHB4Freq_Value=280000000
RCC.APB1Freq_Value=70000000
RCC.APB2Freq_Value=70000000
RCC.APB3Freq_Value=140000000
RCC.APB4Freq_Value=140000000
RCC.AXIClockFreq_Value=280000000
RCC.CDCPREFreq_Value=280000000
RCC.CDPPRE=RCC_APB3_DIV2
RCC.CDPPRE1=RCC_APB1_DIV4
RCC.CDPPRE2=RCC_APB2_DIV4
RCC.CECFreq_Value=32000
RCC.CKPERFreq_Value=64000000
RCC.CortexFreq_Value=280000000
RCC.CpuClockFreq_Value=280000000
RCC.DAC1Freq_Value=32000
RCC.DFSDM2ACLkFreq_Value=140000000
RCC.DFSDM2Freq_Value=140000000
RCC.DFSDMACLkFreq_Value=70000000
RCC.DFSDMFreq_Value=70000000
RCC.DIVM1=4
RCC.DIVM3=1
RCC.DIVN1=35
RCC.DIVN3=24
RCC.DIVP1Freq_Value=280000000
RCC.DIVP2Freq_Value=129000000
RCC.DIVP3Freq_Value=768000000
RCC.DIVQ1=8
RCC.DIVQ1Freq_Value=70000000
RCC.DIVQ2Freq_Value=129000000
RCC.DIVQ3=4
RCC.DIVQ3Freq_Value=384000000
RCC.DIVR1Freq_Value=280000000
RCC.DIVR2Freq_Value=129000000
RCC.DIVR3Freq_Value=768000000
RCC.FDCANFreq_Value=70000000
RCC.FMCFreq_Value=280000000
RCC.FamilyName=M
RCC.HCLK3ClockFreq_Value=280000000
RCC.HCLKFreq_Value=280000000
RCC.HSE_VALUE=8000000
RCC.I2C123Freq_Value=70000000
RCC.I2C4Freq_Value=140000000
RCC.IPParameters=ADCFreq_Value,AHB12Freq_Value,AHB4Freq_Value,APB1Freq_Value,APB2Freq_Value,APB3Freq_Value,APB4Freq_Value,AXIClockFreq_Value,CDCPREFreq_Value,CDPPRE,CDPPRE1,CDPPRE2,CECFreq_Value,CKPERFreq_Value,CortexFreq_Value,CpuClockFreq_Value,DAC1Freq_Value,DFSDM2ACLkFreq_Value,DFSDM2Freq_Value,DFSDMACLkFreq_Value,DFSDMFreq_Value,DIVM1,DIVM3,DIVN1,DIVN3,DIVP1Freq_Value,DIVP2Freq_Value,DIVP3Freq_Value,DIVQ1,DIVQ1Freq_Value,DIVQ2Freq_Value,DIVQ3,DIVQ3Freq_Value,DIVR1Freq_Value,DIVR2Freq_Value,DIVR3Freq_Value,FDCANFreq_Value,FMCFreq_Value,FamilyName,HCLK3ClockFreq_Value,HCLKFreq_Value,HSE_VALUE,I2C123Freq_Value,I2C4Freq_Value,LPTIM1Freq_Value,LPTIM2Freq_Value,LPTIM345Freq_Value,LPUART1Freq_Value,LTDCFreq_Value,MCO1PinFreq_Value,MCO2PinFreq_Value,PLLFRACN,PWR_Regulator_Voltage_Scale,QSPIFreq_Value,RNGFreq_Value,RTCFreq_Value,SAI1Freq_Value,SAI2AFreq_Value,SAI2BFreq_Value,SDMMCFreq_Value,SPDIFRXFreq_Value,SPI123Freq_Value,SPI45Freq_Value,SPI6Freq_Value,SRDPPRE,SWPMI1Freq_Value,SYSCLKFreq_VALUE,SYSCLKSource,SupplySource,Tim1OutputFreq_Value,Tim2OutputFreq_Value,TraceFreq_Value,USART16Freq_Value,USART234578Freq_Value,USBCLockSelection,USBFreq_Value,VCO1OutputFreq_Value,VCO2OutputFreq_Value,VCO3OutputFreq_Value,VCOInput1Freq_Value,VCOInput2Freq_Value,VCOInput3Freq_Value,VDD_VALUE
RCC.LPTIM1Freq_Value=70000000
RCC.LPTIM2Freq_Value=140000000
RCC.LPTIM345Freq_Value=140000000
RCC.LPUART1Freq_Value=140000000
RCC.LTDCFreq_Value=768000000
RCC.MCO1PinFreq_Value=64000000
RCC.MCO2PinFreq_Value=280000000
RCC.PLLFRACN=0
RCC.PWR_Regulator_Voltage_Scale=PWR_REGULATOR_VOLTAGE_SCALE0
RCC.QSPIFreq_Value=280000000
RCC.RNGFreq_Value=48000000
RCC.RTCFreq_Value=32000
RCC.SAI1Freq_Value=70000000
RCC.SAI2AFreq_Value=70000000
RCC.SAI2BFreq_Value=70000000
RCC.SDMMCFreq_Value=70000000
RCC.SPDIFRXFreq_Value=70000000
RCC.SPI123Freq_Value=70000000
RCC.SPI45Freq_Value=70000000
RCC.SPI6Freq_Value=140000000
RCC.SRDPPRE=RCC_APB4_DIV2
RCC.SWPMI1Freq_Value=70000000
RCC.SYSCLKFreq_VALUE=280000000
RCC.SYSCLKSource=RCC_SYSCLKSOURCE_PLLCLK
RCC.SupplySource=PWR_DIRECT_SMPS_SUPPLY
RCC.Tim1OutputFreq_Value=140000000
RCC.Tim2OutputFreq_Value=140000000
RCC.TraceFreq_Value=64000000
RCC.USART16Freq_Value=70000000
RCC.USART234578Freq_Value=70000000
RCC.USBCLockSelection=RCC_USBCLKSOURCE_PLL3
RCC.USBFreq_Value=384000000
RCC.VCO1OutputFreq_Value=560000000
RCC.VCO2OutputFreq_Value=258000000
RCC.VCO3OutputFreq_Value=1536000000
RCC.VCOInput1Freq_Value=16000000
RCC.VCOInput2Freq_Value=2000000
RCC.VCOInput3Freq_Value=64000000
RCC.VDD_VALUE=3
STMicroelectronics.X-CUBE-AI.7.1.0.ActivationBufferSizeList=80919
STMicroelectronics.X-CUBE-AI.7.1.0.ActivationBuffers=pool1
STMicroelectronics.X-CUBE-AI.7.1.0.ActivationNames=pool1
STMicroelectronics.X-CUBE-AI.7.1.0.ActivationPragmas=AI_DTCMRAM
STMicroelectronics.X-CUBE-AI.7.1.0.ActivationSizes=AI_NETWORK_DATA_ACTIVATION_1_SIZE
STMicroelectronics.X-CUBE-AI.7.1.0.ArtificialOoIntelligenceJjXAaCUBEAaAI_Checked=true
STMicroelectronics.X-CUBE-AI.7.1.0.HeapSize=0x800
STMicroelectronics.X-CUBE-AI.7.1.0.IPParameters=HeapSize,StackSize,ModelName-0e8af8a766287249458a08926f8e15159aeaac6e967707b8cc81be54f392774d,ModelType-0e8af8a766287249458a08926f8e15159aeaac6e967707b8cc81be54f392774d,ModelKind-0e8af8a766287249458a08926f8e15159aeaac6e967707b8cc81be54f392774d,ModelHashList,ModelNameList,WorkingBufferStartAddrList,LatestDirectoryUsed-0e8af8a766287249458a08926f8e15159aeaac6e967707b8cc81be54f392774d,ModelStructureFile-0e8af8a766287249458a08926f8e15159aeaac6e967707b8cc81be54f392774d,ModelMacc-0e8af8a766287249458a08926f8e15159aeaac6e967707b8cc81be54f392774d,ModelActualCompression-0e8af8a766287249458a08926f8e15159aeaac6e967707b8cc81be54f392774d,ModelRamOccupation-0e8af8a766287249458a08926f8e15159aeaac6e967707b8cc81be54f392774d,ModelFlashOccupation-0e8af8a766287249458a08926f8e15159aeaac6e967707b8cc81be54f392774d,ModelCompression-0e8af8a766287249458a08926f8e15159aeaac6e967707b8cc81be54f392774d,ActivationBuffers,ActivationSizes,ActivationNames,InternalRamActivationBufferMaxSize,ActivationBufferSizeList,MaximumNumberOfInputLayer,MaximumNumberOfOutputLayer,MaximumSizeOfInputLayer,MaximumSizeOfOutputLayer,ReadyForCodeGeneration,copyWeightToRam-0e8af8a766287249458a08926f8e15159aeaac6e967707b8cc81be54f392774d,customLayerConfigEnabled-0e8af8a766287249458a08926f8e15159aeaac6e967707b8cc81be54f392774d,memoryPool0name-0e8af8a766287249458a08926f8e15159aeaac6e967707b8cc81be54f392774d,memoryPool0driver-0e8af8a766287249458a08926f8e15159aeaac6e967707b8cc81be54f392774d,memoryPool0start-0e8af8a766287249458a08926f8e15159aeaac6e967707b8cc81be54f392774d,memoryPool0size-0e8af8a766287249458a08926f8e15159aeaac6e967707b8cc81be54f392774d,memoryPool0max-0e8af8a766287249458a08926f8e15159aeaac6e967707b8cc81be54f392774d,memoryPool0id-0e8af8a766287249458a08926f8e15159aeaac6e967707b8cc81be54f392774d,memoryPool0used-0e8af8a766287249458a08926f8e15159aeaac6e967707b8cc81be54f392774d,memoryPool1name-0e8af8a766287249458a08926f8e15159aeaac6e967707b8cc81be54f392774d,memoryPool1driver-0e8af8a766287249458a08926f8e15159aeaac6e967707b8cc81be54f392774d,memoryPool1start-0e8af8a766287249458a08926f8e15159aeaac6e967707b8cc81be54f392774d,memoryPool1size-0e8af8a766287249458a08926f8e15159aeaac6e967707b8cc81be54f392774d,memoryPool1max-0e8af8a766287249458a08926f8e15159aeaac6e967707b8cc81be54f392774d,memoryPool1id-0e8af8a766287249458a08926f8e15159aeaac6e967707b8cc81be54f392774d,memoryPool1used-0e8af8a766287249458a08926f8e15159aeaac6e967707b8cc81be54f392774d,memoryPool2name-0e8af8a766287249458a08926f8e15159aeaac6e967707b8cc81be54f392774d,memoryPool2driver-0e8af8a766287249458a08926f8e15159aeaac6e967707b8cc81be54f392774d,memoryPool2start-0e8af8a766287249458a08926f8e15159aeaac6e967707b8cc81be54f392774d,memoryPool2size-0e8af8a766287249458a08926f8e15159aeaac6e967707b8cc81be54f392774d,memoryPool2max-0e8af8a766287249458a08926f8e15159aeaac6e967707b8cc81be54f392774d,memoryPool2id-0e8af8a766287249458a08926f8e15159aeaac6e967707b8cc81be54f392774d,memoryPool2used-0e8af8a766287249458a08926f8e15159aeaac6e967707b8cc81be54f392774d,ActivationPragmas,XAaCUBEAaAICcArtificialOoIntelligenceJjCore
STMicroelectronics.X-CUBE-AI.7.1.0.InternalRamActivationBufferMaxSize=AI_NETWORK_DATA_ACTIVATIONS_SIZE
STMicroelectronics.X-CUBE-AI.7.1.0.LatestDirectoryUsed-0e8af8a766287249458a08926f8e15159aeaac6e967707b8cc81be54f392774d=C\:\\stmicroelectronics2022\\tinyml_projects_submission\\STM32_H7A3ZIi\\person_detection
STMicroelectronics.X-CUBE-AI.7.1.0.MaximumNumberOfInputLayer=1
STMicroelectronics.X-CUBE-AI.7.1.0.MaximumNumberOfOutputLayer=1
STMicroelectronics.X-CUBE-AI.7.1.0.MaximumSizeOfInputLayer=AI_NETWORK_IN_1_SIZE_BYTES
STMicroelectronics.X-CUBE-AI.7.1.0.MaximumSizeOfOutputLayer=AI_NETWORK_OUT_1_SIZE_BYTES
STMicroelectronics.X-CUBE-AI.7.1.0.ModelActualCompression-0e8af8a766287249458a08926f8e15159aeaac6e967707b8cc81be54f392774d=0.0
STMicroelectronics.X-CUBE-AI.7.1.0.ModelCompression-0e8af8a766287249458a08926f8e15159aeaac6e967707b8cc81be54f392774d=1
STMicroelectronics.X-CUBE-AI.7.1.0.ModelFlashOccupation-0e8af8a766287249458a08926f8e15159aeaac6e967707b8cc81be54f392774d=290016
STMicroelectronics.X-CUBE-AI.7.1.0.ModelHashList=0e8af8a766287249458a08926f8e15159aeaac6e967707b8cc81be54f392774d
STMicroelectronics.X-CUBE-AI.7.1.0.ModelKind-0e8af8a766287249458a08926f8e15159aeaac6e967707b8cc81be54f392774d=TFLITE
STMicroelectronics.X-CUBE-AI.7.1.0.ModelMacc-0e8af8a766287249458a08926f8e15159aeaac6e967707b8cc81be54f392774d=7494744
STMicroelectronics.X-CUBE-AI.7.1.0.ModelName-0e8af8a766287249458a08926f8e15159aeaac6e967707b8cc81be54f392774d=network
STMicroelectronics.X-CUBE-AI.7.1.0.ModelNameList=network
STMicroelectronics.X-CUBE-AI.7.1.0.ModelRamOccupation-0e8af8a766287249458a08926f8e15159aeaac6e967707b8cc81be54f392774d=80919
STMicroelectronics.X-CUBE-AI.7.1.0.ModelStructureFile-0e8af8a766287249458a08926f8e15159aeaac6e967707b8cc81be54f392774d=vww_96_int8.tflite
STMicroelectronics.X-CUBE-AI.7.1.0.ModelType-0e8af8a766287249458a08926f8e15159aeaac6e967707b8cc81be54f392774d=STM32Cube.AI runtime
STMicroelectronics.X-CUBE-AI.7.1.0.ReadyForCodeGeneration=true
STMicroelectronics.X-CUBE-AI.7.1.0.StackSize=0x800
STMicroelectronics.X-CUBE-AI.7.1.0.WorkingBufferStartAddrList=0xFFFFFFFF
STMicroelectronics.X-CUBE-AI.7.1.0.XAaCUBEAaAICcArtificialOoIntelligenceJjCore=true
STMicroelectronics.X-CUBE-AI.7.1.0.copyWeightToRam-0e8af8a766287249458a08926f8e15159aeaac6e967707b8cc81be54f392774d=false
STMicroelectronics.X-CUBE-AI.7.1.0.customLayerConfigEnabled-0e8af8a766287249458a08926f8e15159aeaac6e967707b8cc81be54f392774d=false
STMicroelectronics.X-CUBE-AI.7.1.0.memoryPool0driver-0e8af8a766287249458a08926f8e15159aeaac6e967707b8cc81be54f392774d=DTCMRAM
STMicroelectronics.X-CUBE-AI.7.1.0.memoryPool0id-0e8af8a766287249458a08926f8e15159aeaac6e967707b8cc81be54f392774d=0
STMicroelectronics.X-CUBE-AI.7.1.0.memoryPool0max-0e8af8a766287249458a08926f8e15159aeaac6e967707b8cc81be54f392774d=128
STMicroelectronics.X-CUBE-AI.7.1.0.memoryPool0name-0e8af8a766287249458a08926f8e15159aeaac6e967707b8cc81be54f392774d=pool1
STMicroelectronics.X-CUBE-AI.7.1.0.memoryPool0size-0e8af8a766287249458a08926f8e15159aeaac6e967707b8cc81be54f392774d=128
STMicroelectronics.X-CUBE-AI.7.1.0.memoryPool0start-0e8af8a766287249458a08926f8e15159aeaac6e967707b8cc81be54f392774d=Auto
STMicroelectronics.X-CUBE-AI.7.1.0.memoryPool0used-0e8af8a766287249458a08926f8e15159aeaac6e967707b8cc81be54f392774d=0.0
STMicroelectronics.X-CUBE-AI.7.1.0.memoryPool1driver-0e8af8a766287249458a08926f8e15159aeaac6e967707b8cc81be54f392774d=ITCMRAM
STMicroelectronics.X-CUBE-AI.7.1.0.memoryPool1id-0e8af8a766287249458a08926f8e15159aeaac6e967707b8cc81be54f392774d=1
STMicroelectronics.X-CUBE-AI.7.1.0.memoryPool1max-0e8af8a766287249458a08926f8e15159aeaac6e967707b8cc81be54f392774d=64
STMicroelectronics.X-CUBE-AI.7.1.0.memoryPool1name-0e8af8a766287249458a08926f8e15159aeaac6e967707b8cc81be54f392774d=pool3
STMicroelectronics.X-CUBE-AI.7.1.0.memoryPool1size-0e8af8a766287249458a08926f8e15159aeaac6e967707b8cc81be54f392774d=64
STMicroelectronics.X-CUBE-AI.7.1.0.memoryPool1start-0e8af8a766287249458a08926f8e15159aeaac6e967707b8cc81be54f392774d=Auto
STMicroelectronics.X-CUBE-AI.7.1.0.memoryPool1used-0e8af8a766287249458a08926f8e15159aeaac6e967707b8cc81be54f392774d=0.0
STMicroelectronics.X-CUBE-AI.7.1.0.memoryPool2driver-0e8af8a766287249458a08926f8e15159aeaac6e967707b8cc81be54f392774d=RAM
STMicroelectronics.X-CUBE-AI.7.1.0.memoryPool2id-0e8af8a766287249458a08926f8e15159aeaac6e967707b8cc81be54f392774d=2
STMicroelectronics.X-CUBE-AI.7.1.0.memoryPool2max-0e8af8a766287249458a08926f8e15159aeaac6e967707b8cc81be54f392774d=1024
STMicroelectronics.X-CUBE-AI.7.1.0.memoryPool2name-0e8af8a766287249458a08926f8e15159aeaac6e967707b8cc81be54f392774d=pool2
STMicroelectronics.X-CUBE-AI.7.1.0.memoryPool2size-0e8af8a766287249458a08926f8e15159aeaac6e967707b8cc81be54f392774d=1024
STMicroelectronics.X-CUBE-AI.7.1.0.memoryPool2start-0e8af8a766287249458a08926f8e15159aeaac6e967707b8cc81be54f392774d=Auto
STMicroelectronics.X-CUBE-AI.7.1.0.memoryPool2used-0e8af8a766287249458a08926f8e15159aeaac6e967707b8cc81be54f392774d=0.0
STMicroelectronics.X-CUBE-AI.7.1.0_SwParameter=XAaCUBEAaAICcArtificialOoIntelligenceJjCore\:true;
TIM5.IPParameters=Prescaler,Period
TIM5.Period=4294967294
TIM5.Prescaler=139
USART1.BaudRate=9600
USART1.IPParameters=VirtualMode-Asynchronous,BaudRate
USART1.VirtualMode-Asynchronous=VM_ASYNC
USART3.IPParameters=VirtualMode-Asynchronous
USART3.VirtualMode-Asynchronous=VM_ASYNC
VP_CRC_VS_CRC.Mode=CRC_Activate
VP_CRC_VS_CRC.Signal=CRC_VS_CRC
VP_STMicroelectronics.X-CUBE-AI_VS_ArtificialOoIntelligenceJjXAaCUBEAaAI_7.1.0.Mode=ArtificialOoIntelligenceJjXAaCUBEAaAI
VP_STMicroelectronics.X-CUBE-AI_VS_ArtificialOoIntelligenceJjXAaCUBEAaAI_7.1.0.Signal=STMicroelectronics.X-CUBE-AI_VS_ArtificialOoIntelligenceJjXAaCUBEAaAI_7.1.0
VP_SYS_VS_Systick.Mode=SysTick
VP_SYS_VS_Systick.Signal=SYS_VS_Systick
VP_TIM5_VS_ClockSourceINT.Mode=Internal
VP_TIM5_VS_ClockSourceINT.Signal=TIM5_VS_ClockSourceINT
board=NUCLEO-H7A3ZI-Q
boardIOC=true
